
Microsoft Visual Studio Solution File, Format Version 12.00
# Visual Studio Version 16
VisualStudioVersion = 16.0.32802.440
MinimumVisualStudioVersion = 10.0.40219.1
Project("{FAE04EC0-301F-11D3-BF4B-00C04F79EFBC}") = "ClassMember", "ClassMember\ClassMember.csproj", "{004FB492-ADBC-47F8-87BA-51C359A8ED96}"
EndProject
Global
	GlobalSection(SolutionConfigurationPlatforms) = preSolution
		Debug|Any CPU = Debug|Any CPU
		Release|Any CPU = Release|Any CPU
	EndGlobalSection
	GlobalSection(ProjectConfigurationPlatforms) = postSolution
		{004FB492-ADBC-47F8-87BA-51C359A8ED96}.Debug|Any CPU.ActiveCfg = Debug|Any CPU
		{004FB492-ADBC-47F8-87BA-51C359A8ED96}.Debug|Any CPU.Build.0 = Debug|Any CPU
		{004FB492-ADBC-47F8-87BA-51C359A8ED96}.Release|Any CPU.ActiveCfg = Release|Any CPU
		{004FB492-ADBC-47F8-87BA-51C359A8ED96}.Release|Any CPU.Build.0 = Release|Any CPU
	EndGlobalSection
	GlobalSection(SolutionProperties) = preSolution
		HideSolutionNode = FALSE
	EndGlobalSection
	GlobalSection(ExtensibilityGlobals) = postSolution
		SolutionGuid = {A3050A35-5B6F-46B1-B2A6-D58291BCB157}
	EndGlobalSection
EndGlobal
